
Microsoft Visual Studio Solution File, Format Version 12.00
# Visual Studio Version 17
VisualStudioVersion = 17.6.33717.318
MinimumVisualStudioVersion = 10.0.40219.1
Project("{FAE04EC0-301F-11D3-BF4B-00C04F79EFBC}") = "VelozientDroneCodeChallenge", "VelozientDroneCodeChallenge\VelozientDroneCodeChallenge.csproj", "{07400AEB-F8BF-48C1-809E-8EE1112ABD0B}"
EndProject
Project("{FAE04EC0-301F-11D3-BF4B-00C04F79EFBC}") = "VelozientDroneCodeChallenge.Tests", "VelozientDroneCodeChallenge.Tests\VelozientDroneCodeChallenge.Tests.csproj", "{82074ED7-F767-4A33-B8C1-BEEAD84B1507}"
EndProject
Project("{FAE04EC0-301F-11D3-BF4B-00C04F79EFBC}") = "VelozientDroneCodeChallenge.Services", "VelozientDroneCodeChallenge.Services\VelozientDroneCodeChallenge.Services.csproj", "{0A17A4A6-1ABC-47AC-A6C1-C24B6EAC5CAC}"
EndProject
Global
	GlobalSection(SolutionConfigurationPlatforms) = preSolution
		Debug|Any CPU = Debug|Any CPU
		Release|Any CPU = Release|Any CPU
	EndGlobalSection
	GlobalSection(ProjectConfigurationPlatforms) = postSolution
		{07400AEB-F8BF-48C1-809E-8EE1112ABD0B}.Debug|Any CPU.ActiveCfg = Debug|Any CPU
		{07400AEB-F8BF-48C1-809E-8EE1112ABD0B}.Debug|Any CPU.Build.0 = Debug|Any CPU
		{07400AEB-F8BF-48C1-809E-8EE1112ABD0B}.Release|Any CPU.ActiveCfg = Release|Any CPU
		{07400AEB-F8BF-48C1-809E-8EE1112ABD0B}.Release|Any CPU.Build.0 = Release|Any CPU
		{82074ED7-F767-4A33-B8C1-BEEAD84B1507}.Debug|Any CPU.ActiveCfg = Debug|Any CPU
		{82074ED7-F767-4A33-B8C1-BEEAD84B1507}.Debug|Any CPU.Build.0 = Debug|Any CPU
		{82074ED7-F767-4A33-B8C1-BEEAD84B1507}.Release|Any CPU.ActiveCfg = Release|Any CPU
		{82074ED7-F767-4A33-B8C1-BEEAD84B1507}.Release|Any CPU.Build.0 = Release|Any CPU
		{0A17A4A6-1ABC-47AC-A6C1-C24B6EAC5CAC}.Debug|Any CPU.ActiveCfg = Debug|Any CPU
		{0A17A4A6-1ABC-47AC-A6C1-C24B6EAC5CAC}.Debug|Any CPU.Build.0 = Debug|Any CPU
		{0A17A4A6-1ABC-47AC-A6C1-C24B6EAC5CAC}.Release|Any CPU.ActiveCfg = Release|Any CPU
		{0A17A4A6-1ABC-47AC-A6C1-C24B6EAC5CAC}.Release|Any CPU.Build.0 = Release|Any CPU
	EndGlobalSection
	GlobalSection(SolutionProperties) = preSolution
		HideSolutionNode = FALSE
	EndGlobalSection
	GlobalSection(ExtensibilityGlobals) = postSolution
		SolutionGuid = {C899E422-6F0E-4F4B-BF0F-C5DAF01D62F5}
	EndGlobalSection
EndGlobal
